[[package]]
name = "absl-py"
version = "1.3.0"
description = "Abseil Python Common Libraries, see https://github.com/abseil/abseil-py."
category = "main"
optional = false
python-versions = ">=3.6"

[[package]]
name = "colorama"
version = "0.4.6"
description = "Cross-platform colored terminal text."
category = "main"
optional = false
python-versions = "!=3.0.*,!=3.1.*,!=3.2.*,!=3.3.*,!=3.4.*,!=3.5.*,!=3.6.*,>=2.7"

[[package]]
name = "commonmark"
version = "0.9.1"
description = "Python parser for the CommonMark Markdown spec"
category = "main"
optional = false
python-versions = "*"

[package.extras]
test = ["flake8 (==3.7.8)", "hypothesis (==3.55.3)"]

[[package]]
name = "duckdb"
version = "0.6.0"
description = "DuckDB embedded database"
category = "main"
optional = false
python-versions = "*"

[package.dependencies]
numpy = ">=1.14"

[[package]]
name = "jax"
version = "0.3.24"
description = "Differentiate, compile, and transform Numpy code."
category = "main"
optional = false
python-versions = ">=3.7"

[package.dependencies]
numpy = ">=1.20"
opt_einsum = "*"
scipy = ">=1.5"
typing_extensions = "*"

[package.extras]
australis = ["protobuf (>=3.13,<4)"]
ci = ["jaxlib (==0.3.22)"]
cpu = ["jaxlib (==0.3.24)"]
cuda = ["jaxlib (==0.3.24+cuda11.cudnn82)"]
cuda11-cudnn805 = ["jaxlib (==0.3.24+cuda11.cudnn805)"]
cuda11-cudnn82 = ["jaxlib (==0.3.24+cuda11.cudnn82)"]
minimum-jaxlib = ["jaxlib (==0.3.22)"]
tpu = ["jaxlib (==0.3.24)", "libtpu-nightly (==0.1.dev20221103)", "requests"]

[[package]]
name = "jaxlib"
version = "0.3.22"
description = "XLA library for JAX"
category = "main"
optional = false
python-versions = ">=3.7"

[package.dependencies]
absl-py = "*"
numpy = ">=1.20"
scipy = ">=1.5"

[[package]]
name = "jaxlib"
version = "0.3.24+cuda11.cudnn82"
description = "XLA library for JAX"
category = "main"
optional = false
python-versions = ">=3.7"

[package.dependencies]
numpy = ">=1.20"
scipy = ">=1.5"

[package.source]
type = "legacy"
url = "https://storage.googleapis.com/jax-releases/jax_cuda_releases.html"
reference = "jax"

[[package]]
name = "mpmath"
version = "1.2.1"
description = "Python library for arbitrary-precision floating-point arithmetic"
category = "main"
optional = false
python-versions = "*"

[package.extras]
develop = ["codecov", "pycodestyle", "pytest (>=4.6)", "pytest-cov", "wheel"]
tests = ["pytest (>=4.6)"]

[[package]]
name = "multipledispatch"
version = "0.6.0"
description = "Multiple dispatch"
category = "main"
optional = false
python-versions = "*"

[package.dependencies]
six = "*"

[[package]]
name = "numpy"
version = "1.23.5"
description = "NumPy is the fundamental package for array computing with Python."
category = "main"
optional = false
python-versions = ">=3.8"

[[package]]
name = "numpyro"
version = "0.10.1"
description = "Pyro PPL on NumPy"
category = "main"
optional = false
python-versions = "*"

[package.dependencies]
jax = ">=0.2.13"
jaxlib = ">=0.1.65"
multipledispatch = "*"
numpy = "*"
tqdm = "*"

[package.extras]
cpu = ["jax[cpu] (>=0.2.13)"]
cuda = ["jax[cuda] (>=0.2.13)"]
dev = ["dm-haiku", "flax", "funsor (>=0.4.1)", "graphviz", "jaxns (==1.0.0)", "optax (>=0.0.6)", "pyyaml", "tensorflow-probability (>=0.15.0)"]
doc = ["ipython", "nbsphinx (>=0.8.5)", "readthedocs-sphinx-search (==0.1.0)", "sphinx", "sphinx-gallery", "sphinx-rtd-theme"]
examples = ["arviz", "jupyter", "matplotlib", "pandas", "scikit-learn", "seaborn", "wordcloud"]
test = ["black[jupyter] (>=21.8b0)", "flake8", "isort (>=5.0)", "pyro-api (>=0.1.1)", "pytest (>=4.1)", "scipy (>=1.6,<1.7)"]
tpu = ["jax[tpu] (>=0.2.13)"]

[[package]]
name = "opt-einsum"
version = "3.3.0"
description = "Optimizing numpys einsum function"
category = "main"
optional = false
python-versions = ">=3.5"

[package.dependencies]
numpy = ">=1.7"

[package.extras]
docs = ["numpydoc", "sphinx (==1.2.3)", "sphinx-rtd-theme", "sphinxcontrib-napoleon"]
tests = ["pytest", "pytest-cov", "pytest-pep8"]

[[package]]
name = "pandas"
version = "1.5.2"
description = "Powerful data structures for data analysis, time series, and statistics"
category = "main"
optional = false
python-versions = ">=3.8"

[package.dependencies]
numpy = {version = ">=1.21.0", markers = "python_version >= \"3.10\""}
python-dateutil = ">=2.8.1"
pytz = ">=2020.1"

[package.extras]
test = ["hypothesis (>=5.5.3)", "pytest (>=6.0)", "pytest-xdist (>=1.31)"]

[[package]]
name = "pygments"
version = "2.13.0"
description = "Pygments is a syntax highlighting package written in Python."
category = "main"
optional = false
python-versions = ">=3.6"

[package.extras]
plugins = ["importlib-metadata"]

[[package]]
name = "python-dateutil"
version = "2.8.2"
description = "Extensions to the standard Python datetime module"
category = "main"
optional = false
python-versions = "!=3.0.*,!=3.1.*,!=3.2.*,>=2.7"

[package.dependencies]
six = ">=1.5"

[[package]]
name = "pytz"
version = "2022.6"
description = "World timezone definitions, modern and historical"
category = "main"
optional = false
python-versions = "*"

[[package]]
name = "rich"
version = "12.6.0"
description = "Render rich text, tables, progress bars, syntax highlighting, markdown and more to the terminal"
category = "main"
optional = false
python-versions = ">=3.6.3,<4.0.0"

[package.dependencies]
commonmark = ">=0.9.0,<0.10.0"
pygments = ">=2.6.0,<3.0.0"

[package.extras]
jupyter = ["ipywidgets (>=7.5.1,<8.0.0)"]

[[package]]
name = "scipy"
version = "1.9.3"
description = "Fundamental algorithms for scientific computing in Python"
category = "main"
optional = false
python-versions = ">=3.8"

[package.dependencies]
numpy = ">=1.18.5,<1.26.0"

[package.extras]
dev = ["flake8", "mypy", "pycodestyle", "typing_extensions"]
doc = ["matplotlib (>2)", "numpydoc", "pydata-sphinx-theme (==0.9.0)", "sphinx (!=4.1.0)", "sphinx-panels (>=0.5.2)", "sphinx-tabs"]
test = ["asv", "gmpy2", "mpmath", "pytest", "pytest-cov", "pytest-xdist", "scikit-umfpack", "threadpoolctl"]

[[package]]
name = "six"
version = "1.16.0"
description = "Python 2 and 3 compatibility utilities"
category = "main"
optional = false
python-versions = ">=2.7, !=3.0.*, !=3.1.*, !=3.2.*"

[[package]]
name = "sympy"
version = "1.11.1"
description = "Computer algebra system (CAS) in Python"
category = "main"
optional = false
python-versions = ">=3.8"

[package.dependencies]
mpmath = ">=0.19"

[[package]]
name = "tqdm"
version = "4.64.1"
description = "Fast, Extensible Progress Meter"
category = "main"
optional = false
python-versions = "!=3.0.*,!=3.1.*,!=3.2.*,!=3.3.*,>=2.7"

[package.dependencies]
colorama = {version = "*", markers = "platform_system == \"Windows\""}

[package.extras]
dev = ["py-make (>=0.1.0)", "twine", "wheel"]
notebook = ["ipywidgets (>=6)"]
slack = ["slack-sdk"]
telegram = ["requests"]

[[package]]
name = "typing-extensions"
version = "4.4.0"
description = "Backported and Experimental Type Hints for Python 3.7+"
category = "main"
optional = false
python-versions = ">=3.7"

[metadata]
lock-version = "1.1"
python-versions = "~3.10"
content-hash = "e25a2d05db76b9e2a7e6e1b853861d001e7346ea6dbb933f8a224c8f19575d78"

[metadata.files]
absl-py = [
    {file = "absl-py-1.3.0.tar.gz", hash = "sha256:463c38a08d2e4cef6c498b76ba5bd4858e4c6ef51da1a5a1f27139a022e20248"},
    {file = "absl_py-1.3.0-py3-none-any.whl", hash = "sha256:34995df9bd7a09b3b8749e230408f5a2a2dd7a68a0d33c12a3d0cb15a041a507"},
]
colorama = [
    {file = "colorama-0.4.6-py2.py3-none-any.whl", hash = "sha256:4f1d9991f5acc0ca119f9d443620b77f9d6b33703e51011c16baf57afb285fc6"},
    {file = "colorama-0.4.6.tar.gz", hash = "sha256:08695f5cb7ed6e0531a20572697297273c47b8cae5a63ffc6d6ed5c201be6e44"},
]
commonmark = [
    {file = "commonmark-0.9.1-py2.py3-none-any.whl", hash = "sha256:da2f38c92590f83de410ba1a3cbceafbc74fee9def35f9251ba9a971d6d66fd9"},
    {file = "commonmark-0.9.1.tar.gz", hash = "sha256:452f9dc859be7f06631ddcb328b6919c67984aca654e5fefb3914d54691aed60"},
]
duckdb = [
    {file = "duckdb-0.6.0-cp310-cp310-macosx_10_9_universal2.whl", hash = "sha256:0375f174f6ea9e65a5a1db20663d1cee0663ef4021b1591d515fe69822244871"},
    {file = "duckdb-0.6.0-cp310-cp310-macosx_10_9_x86_64.whl", hash = "sha256:6419820349c2c939d740dc1e045df3bc031afb1b86d36e876cec09e6ca84d71b"},
    {file = "duckdb-0.6.0-cp310-cp310-macosx_11_0_arm64.whl", hash = "sha256:cfe007492d02ee2b76e530a4b52168d0a92819b5b38be50061665d7ebee7a3d2"},
    {file = "duckdb-0.6.0-cp310-cp310-manylinux_2_17_i686.manylinux2014_i686.whl", hash = "sha256:1ae9ff3c8e1d510621888db313dcd808a3e52caedc85c8944100e512b29f6eb6"},
    {file = "duckdb-0.6.0-cp310-cp310-manylinux_2_17_x86_64.manylinux2014_x86_64.whl", hash = "sha256:bcec180d90a61caa790cda3de69bd2ea7a62b898c243d045ea68bfe657a5e99a"},
    {file = "duckdb-0.6.0-cp310-cp310-musllinux_1_1_i686.whl", hash = "sha256:fe3f54079db38cb7bd2101b6f96519c2bd24f66474ba1b20a987093d6bfa4b82"},
    {file = "duckdb-0.6.0-cp310-cp310-musllinux_1_1_x86_64.whl", hash = "sha256:00c6f009ba84745e1afdfe03c7641c4601e6e8b4c3e3ee1f770eada4ae9e29d8"},
    {file = "duckdb-0.6.0-cp310-cp310-win32.whl", hash = "sha256:019096b210c921d01ae0c4ec17deb7a487f20c94ee2a811744bc9d7d23bcee98"},
    {file = "duckdb-0.6.0-cp310-cp310-win_amd64.whl", hash = "sha256:7d7ab4e963141246771d5f15c151dae84a1fd90a986312a77cdc999faa89eae4"},
    {file = "duckdb-0.6.0-cp311-cp311-macosx_10_9_universal2.whl", hash = "sha256:9ba293125ce3acc6dcec148e22b37c49880e2319e415f322b65ffbcabf762afb"},
    {file = "duckdb-0.6.0-cp311-cp311-macosx_10_9_x86_64.whl", hash = "sha256:f23d5bef667e4631aa9aa57909e2b1eeeb583680ce350c008364894761d3ff55"},
    {file = "duckdb-0.6.0-cp311-cp311-macosx_11_0_arm64.whl", hash = "sha256:14972984422d37113fb15a93437db9283b647029db8a7c6c0935977997fe1d7f"},
    {file = "duckdb-0.6.0-cp311-cp311-manylinux_2_17_i686.manylinux2014_i686.whl", hash = "sha256:d096d1b623f0a166db621748988bcc0cab9ac8c99c6d5ecc8a72dca71a1a4a49"},
    {file = "duckdb-0.6.0-cp311-cp311-manylinux_2_17_x86_64.manylinux2014_x86_64.whl", hash = "sha256:39efe9498309d9e1ce9b693ade5be4ec1d3528c0adc115936717710a396791b0"},
    {file = "duckdb-0.6.0-cp311-cp311-musllinux_1_1_i686.whl", hash = "sha256:01b03d20f0218fcfbae25b14f06db763ce7951d912e1142a2684fc4613ca546e"},
    {file = "duckdb-0.6.0-cp311-cp311-musllinux_1_1_x86_64.whl", hash = "sha256:a7f42d1259bff2d8d010ba064b41bce1ce3d8d79a322e2fe69d21f172f38fe9a"},
    {file = "duckdb-0.6.0-cp311-cp311-win32.whl", hash = "sha256:0df5fc44a3dc31ebc3a42b7f6da510d45e0d8494955a5e22baa497ee1dc5c3f6"},
    {file = "duckdb-0.6.0-cp311-cp311-win_amd64.whl", hash = "sha256:3f36de549f7117f0c30a17b58c2e12c2cf5054a2fe0aef7c04674f1602959c4a"},
    {file = "duckdb-0.6.0-cp36-cp36m-macosx_10_9_x86_64.whl", hash = "sha256:7b312cab0da395aea7bd7b84cb0a6a21dd5e03e5993b9ae2e6c5e9cfa2607b21"},
    {file = "duckdb-0.6.0-cp36-cp36m-win32.whl", hash = "sha256:238e4cc0bc715e688346ae7cd0eaacd9840eabf9ac1f8135e6ac208ce9f07235"},
    {file = "duckdb-0.6.0-cp36-cp36m-win_amd64.whl", hash = "sha256:c746a25d3bcb378c0bed65fd93f8086056529f216b063ac20dd7fe878f6c7438"},
    {file = "duckdb-0.6.0-cp37-cp37m-macosx_10_9_x86_64.whl", hash = "sha256:36d45de5d64722768c579fc4fe4ac3c937c65f0ab34a05d1cf2eda449ce79a81"},
    {file = "duckdb-0.6.0-cp37-cp37m-manylinux_2_17_i686.manylinux2014_i686.whl", hash = "sha256:902a3a0e712d9114f6b4067c7b53d1d64bddd825d96d9fd61578dc58c13f5524"},
    {file = "duckdb-0.6.0-cp37-cp37m-manylinux_2_17_x86_64.manylinux2014_x86_64.whl", hash = "sha256:03c13bf558febda114cdd2de9db6d202cbd5bfdbac66dbdc94faa432313b39dd"},
    {file = "duckdb-0.6.0-cp37-cp37m-musllinux_1_1_i686.whl", hash = "sha256:3875b9cc8f008c3a69138a872f2fb9d4e655f889414616755aba700f03a9b399"},
    {file = "duckdb-0.6.0-cp37-cp37m-musllinux_1_1_x86_64.whl", hash = "sha256:0447fc65e930baef6bbfe11807dd6badd6a24ebb5d739908e50fc0d9f68504f1"},
    {file = "duckdb-0.6.0-cp37-cp37m-win32.whl", hash = "sha256:9796c1359ef31808a5f2e83ab981ba4760da02e0bdbc66d4f46db7e9e2c0fe54"},
    {file = "duckdb-0.6.0-cp37-cp37m-win_amd64.whl", hash = "sha256:853474b71fccb804fc7c338eeca7c795f385dfe3b666cd6184fd5a9c6640958e"},
    {file = "duckdb-0.6.0-cp38-cp38-macosx_10_9_universal2.whl", hash = "sha256:358e2d444619f558563cf1f625680925d67344e62fec81a7a1bf2ed9f959a0b0"},
    {file = "duckdb-0.6.0-cp38-cp38-macosx_10_9_x86_64.whl", hash = "sha256:0c8590f99d63d5407e40e45a90b250ec92f7edaddc67c475af2d82f1a11b18c9"},
    {file = "duckdb-0.6.0-cp38-cp38-macosx_11_0_arm64.whl", hash = "sha256:ed875f32c3139e84ceb42eeda3b12e56bd803de0015494a25a8176766169ff69"},
    {file = "duckdb-0.6.0-cp38-cp38-manylinux_2_17_i686.manylinux2014_i686.whl", hash = "sha256:5f4f0b50f7f4f4c22fc7debd28d1b81705152e52d44425bf777395cdf541b9bb"},
    {file = "duckdb-0.6.0-cp38-cp38-manylinux_2_17_x86_64.manylinux2014_x86_64.whl", hash = "sha256:860a62fcf67f8ae86cd946f0ca74d6b22f00ebd845c588fbdd761eca5923000e"},
    {file = "duckdb-0.6.0-cp38-cp38-musllinux_1_1_i686.whl", hash = "sha256:54de408dcc95f0cd5fffba6d54044b3e97840db93b8e7c961853941d5ec59a30"},
    {file = "duckdb-0.6.0-cp38-cp38-musllinux_1_1_x86_64.whl", hash = "sha256:afa8f0f391608c4139752d6f377c4119e2598df3e84087a321bf285348e319e2"},
    {file = "duckdb-0.6.0-cp38-cp38-win32.whl", hash = "sha256:2ddd6f73c42b78fd862ead4df6a730c3087589e842320ec10ad6ce0a4e170b0e"},
    {file = "duckdb-0.6.0-cp38-cp38-win_amd64.whl", hash = "sha256:7ae9d30de3cb881e07b7e95b4ff16b8c121a7714f4ad376c7ef583601a7c1bd9"},
    {file = "duckdb-0.6.0-cp39-cp39-macosx_10_9_universal2.whl", hash = "sha256:e12b4087cdc48c5c2ed2cc0dbf648df357ace88e3f47dd4152958bd5c5646794"},
    {file = "duckdb-0.6.0-cp39-cp39-macosx_10_9_x86_64.whl", hash = "sha256:89b6c72cd82089c5f3b313bb78de1d8f96cfe87e80bff9b93ee837e29ddf55fe"},
    {file = "duckdb-0.6.0-cp39-cp39-macosx_11_0_arm64.whl", hash = "sha256:3d859640d49ef856e4d68a086d7c3a17f38b380e9b10387a0419630c17c32b52"},
    {file = "duckdb-0.6.0-cp39-cp39-manylinux_2_17_i686.manylinux2014_i686.whl", hash = "sha256:30a2382678a2fc9c0284fb976e3392f50af780dfa404fc18a5d34e443478864f"},
    {file = "duckdb-0.6.0-cp39-cp39-manylinux_2_17_x86_64.manylinux2014_x86_64.whl", hash = "sha256:0a9c478f964a45e94338a922af36cd7413aae504d365bb94850270d53bc27182"},
    {file = "duckdb-0.6.0-cp39-cp39-musllinux_1_1_i686.whl", hash = "sha256:5dc228ef3f0067f312c12a3d14e8ae1c8b4f2cbba637af917979bf73821d6ba0"},
    {file = "duckdb-0.6.0-cp39-cp39-musllinux_1_1_x86_64.whl", hash = "sha256:c4851fd0869692f7c3be846bd3325a3f2f45f13821a6fc58dc4e2bd4fecf0b71"},
    {file = "duckdb-0.6.0-cp39-cp39-win32.whl", hash = "sha256:253c1c68635462811f1bef3d10fac36b5907461ee387ba441b7d5dc03844b31e"},
    {file = "duckdb-0.6.0-cp39-cp39-win_amd64.whl", hash = "sha256:5f11a9cd5f860db3ec66dae6f3c5b21df21b82fcbe1a6622acca14c16c0a0cc2"},
    {file = "duckdb-0.6.0.tar.gz", hash = "sha256:74e0e4cd1b77aaec9f76e3a0b4cf8535d80f2282f38c6248d4ec826a9606fe81"},
]
jax = [
    {file = "jax-0.3.24.tar.gz", hash = "sha256:54c0002926a1898e7c7afdc2a14fbdcac04188bcaa359bc3389a30ea464a513a"},
]
jaxlib = [
    {file = "jaxlib-0.3.22-cp310-cp310-macosx_10_14_x86_64.whl", hash = "sha256:6cea1023e4fe62c4d4340f9c0eeeb0c184dcabd7f2cb30a92bdaab742acd5680"},
    {file = "jaxlib-0.3.22-cp310-cp310-macosx_11_0_arm64.whl", hash = "sha256:ec8af9e5984191c72a7e86b9e9654117c4301400b6c2ce0a1470e47d5c3ace6d"},
    {file = "jaxlib-0.3.22-cp310-cp310-manylinux2014_x86_64.whl", hash = "sha256:c36c28d2393ed4174490dc1f4994506de6dd23801cf0a827d0c07470831c594e"},
    {file = "jaxlib-0.3.22-cp37-cp37m-macosx_10_14_x86_64.whl", hash = "sha256:651522950a8492bacc28e3c5bfc1be213891b3bf2f5488e22513f976cec323ee"},
    {file = "jaxlib-0.3.22-cp37-cp37m-manylinux2014_x86_64.whl", hash = "sha256:05bacb0f0e379db65b5bc2ae3829adbfa47fb560ee737533f578943feff51529"},
    {file = "jaxlib-0.3.22-cp38-cp38-macosx_10_14_x86_64.whl", hash = "sha256:5f28d826118da92c6d9ae0765be5969a5419168bda623763ef9145019f2e6d96"},
    {file = "jaxlib-0.3.22-cp38-cp38-macosx_11_0_arm64.whl", hash = "sha256:7caf7661f757c6c4abc7ec6b6b44b5d59314a91c610279f31f93dc4545c1dc04"},
    {file = "jaxlib-0.3.22-cp38-cp38-manylinux2014_x86_64.whl", hash = "sha256:415a82b095b54246a716f45204c9bd6bf26163ade0ae07733f866b2ecf0ff5ba"},
    {file = "jaxlib-0.3.22-cp39-cp39-macosx_10_14_x86_64.whl", hash = "sha256:34737fd98fadbe9e0422a8ab302e2981aff23e1700d2a1f148d1271697c23f2b"},
    {file = "jaxlib-0.3.22-cp39-cp39-macosx_11_0_arm64.whl", hash = "sha256:a93c9cd0f20daba2bf630f041476552dc21a6ecd529a3482355a74dd7ba33f86"},
    {file = "jaxlib-0.3.22-cp39-cp39-manylinux2014_x86_64.whl", hash = "sha256:eecad425ae6a1889ef92bba2b92af1070fcc7fbd2d4c8c7976b8393476ff1629"},
    {file = "jaxlib-0.3.24+cuda11.cudnn82-cp310-cp310-manylinux2014_x86_64.whl", hash = "sha256:e085ba12bed53602af7cd5134de69d04bb9a0b27637658451c4c13d12912d489"},
    {file = "jaxlib-0.3.24+cuda11.cudnn82-cp311-cp311-manylinux2014_x86_64.whl", hash = "sha256:596bc17da95c8e0b4334a9837d9484da08a95348222ae9cbd186271a697bc2cf"},
    {file = "jaxlib-0.3.24+cuda11.cudnn82-cp37-cp37m-manylinux2014_x86_64.whl", hash = "sha256:3ec8be6a7b10667d8f983a0dfc520e0b604b8da1bcf7687d9eb253b0d9916061"},
    {file = "jaxlib-0.3.24+cuda11.cudnn82-cp38-cp38-manylinux2014_x86_64.whl", hash = "sha256:27e618f55d9fcd7a43f6c9a6c62a26c8d0d1764c62b05503db67fe4526551d00"},
    {file = "jaxlib-0.3.24+cuda11.cudnn82-cp39-cp39-manylinux2014_x86_64.whl", hash = "sha256:31f8d835048aa309ec1fcae0f3823a82039108962a7eea013b81c18decaa16a3"},
]
mpmath = [
    {file = "mpmath-1.2.1-py3-none-any.whl", hash = "sha256:604bc21bd22d2322a177c73bdb573994ef76e62edd595d17e00aff24b0667e5c"},
    {file = "mpmath-1.2.1.tar.gz", hash = "sha256:79ffb45cf9f4b101a807595bcb3e72e0396202e0b1d25d689134b48c4216a81a"},
]
multipledispatch = [
    {file = "multipledispatch-0.6.0-py2-none-any.whl", hash = "sha256:407e6d8c5fa27075968ba07c4db3ef5f02bea4e871e959570eeb69ee39a6565b"},
    {file = "multipledispatch-0.6.0-py3-none-any.whl", hash = "sha256:a55c512128fb3f7c2efd2533f2550accb93c35f1045242ef74645fc92a2c3cba"},
    {file = "multipledispatch-0.6.0.tar.gz", hash = "sha256:a7ab1451fd0bf9b92cab3edbd7b205622fb767aeefb4fb536c2e3de9e0a38bea"},
]
numpy = [
    {file = "numpy-1.23.5-cp310-cp310-macosx_10_9_x86_64.whl", hash = "sha256:9c88793f78fca17da0145455f0d7826bcb9f37da4764af27ac945488116efe63"},
    {file = "numpy-1.23.5-cp310-cp310-macosx_11_0_arm64.whl", hash = "sha256:e9f4c4e51567b616be64e05d517c79a8a22f3606499941d97bb76f2ca59f982d"},
    {file = "numpy-1.23.5-cp310-cp310-manylinux_2_17_aarch64.manylinux2014_aarch64.whl", hash = "sha256:7903ba8ab592b82014713c491f6c5d3a1cde5b4a3bf116404e08f5b52f6daf43"},
    {file = "numpy-1.23.5-cp310-cp310-manylinux_2_17_x86_64.manylinux2014_x86_64.whl", hash = "sha256:5e05b1c973a9f858c74367553e236f287e749465f773328c8ef31abe18f691e1"},
    {file = "numpy-1.23.5-cp310-cp310-win32.whl", hash = "sha256:522e26bbf6377e4d76403826ed689c295b0b238f46c28a7251ab94716da0b280"},
    {file = "numpy-1.23.5-cp310-cp310-win_amd64.whl", hash = "sha256:dbee87b469018961d1ad79b1a5d50c0ae850000b639bcb1b694e9981083243b6"},
    {file = "numpy-1.23.5-cp311-cp311-macosx_10_9_x86_64.whl", hash = "sha256:ce571367b6dfe60af04e04a1834ca2dc5f46004ac1cc756fb95319f64c095a96"},
    {file = "numpy-1.23.5-cp311-cp311-macosx_11_0_arm64.whl", hash = "sha256:56e454c7833e94ec9769fa0f86e6ff8e42ee38ce0ce1fa4cbb747ea7e06d56aa"},
    {file = "numpy-1.23.5-cp311-cp311-manylinux_2_17_aarch64.manylinux2014_aarch64.whl", hash = "sha256:5039f55555e1eab31124a5768898c9e22c25a65c1e0037f4d7c495a45778c9f2"},
    {file = "numpy-1.23.5-cp311-cp311-manylinux_2_17_x86_64.manylinux2014_x86_64.whl", hash = "sha256:58f545efd1108e647604a1b5aa809591ccd2540f468a880bedb97247e72db387"},
    {file = "numpy-1.23.5-cp311-cp311-win32.whl", hash = "sha256:b2a9ab7c279c91974f756c84c365a669a887efa287365a8e2c418f8b3ba73fb0"},
    {file = "numpy-1.23.5-cp311-cp311-win_amd64.whl", hash = "sha256:0cbe9848fad08baf71de1a39e12d1b6310f1d5b2d0ea4de051058e6e1076852d"},
    {file = "numpy-1.23.5-cp38-cp38-macosx_10_9_x86_64.whl", hash = "sha256:f063b69b090c9d918f9df0a12116029e274daf0181df392839661c4c7ec9018a"},
    {file = "numpy-1.23.5-cp38-cp38-macosx_11_0_arm64.whl", hash = "sha256:0aaee12d8883552fadfc41e96b4c82ee7d794949e2a7c3b3a7201e968c7ecab9"},
    {file = "numpy-1.23.5-cp38-cp38-manylinux_2_17_aarch64.manylinux2014_aarch64.whl", hash = "sha256:92c8c1e89a1f5028a4c6d9e3ccbe311b6ba53694811269b992c0b224269e2398"},
    {file = "numpy-1.23.5-cp38-cp38-manylinux_2_17_x86_64.manylinux2014_x86_64.whl", hash = "sha256:d208a0f8729f3fb790ed18a003f3a57895b989b40ea4dce4717e9cf4af62c6bb"},
    {file = "numpy-1.23.5-cp38-cp38-win32.whl", hash = "sha256:06005a2ef6014e9956c09ba07654f9837d9e26696a0470e42beedadb78c11b07"},
    {file = "numpy-1.23.5-cp38-cp38-win_amd64.whl", hash = "sha256:ca51fcfcc5f9354c45f400059e88bc09215fb71a48d3768fb80e357f3b457e1e"},
    {file = "numpy-1.23.5-cp39-cp39-macosx_10_9_x86_64.whl", hash = "sha256:8969bfd28e85c81f3f94eb4a66bc2cf1dbdc5c18efc320af34bffc54d6b1e38f"},
    {file = "numpy-1.23.5-cp39-cp39-macosx_11_0_arm64.whl", hash = "sha256:a7ac231a08bb37f852849bbb387a20a57574a97cfc7b6cabb488a4fc8be176de"},
    {file = "numpy-1.23.5-cp39-cp39-manylinux_2_17_aarch64.manylinux2014_aarch64.whl", hash = "sha256:bf837dc63ba5c06dc8797c398db1e223a466c7ece27a1f7b5232ba3466aafe3d"},
    {file = "numpy-1.23.5-cp39-cp39-manylinux_2_17_x86_64.manylinux2014_x86_64.whl", hash = "sha256:33161613d2269025873025b33e879825ec7b1d831317e68f4f2f0f84ed14c719"},
    {file = "numpy-1.23.5-cp39-cp39-win32.whl", hash = "sha256:af1da88f6bc3d2338ebbf0e22fe487821ea4d8e89053e25fa59d1d79786e7481"},
    {file = "numpy-1.23.5-cp39-cp39-win_amd64.whl", hash = "sha256:09b7847f7e83ca37c6e627682f145856de331049013853f344f37b0c9690e3df"},
    {file = "numpy-1.23.5-pp38-pypy38_pp73-macosx_10_9_x86_64.whl", hash = "sha256:abdde9f795cf292fb9651ed48185503a2ff29be87770c3b8e2a14b0cd7aa16f8"},
    {file = "numpy-1.23.5-pp38-pypy38_pp73-manylinux_2_17_x86_64.manylinux2014_x86_64.whl", hash = "sha256:f9a909a8bae284d46bbfdefbdd4a262ba19d3bc9921b1e76126b1d21c3c34135"},
    {file = "numpy-1.23.5-pp38-pypy38_pp73-win_amd64.whl", hash = "sha256:01dd17cbb340bf0fc23981e52e1d18a9d4050792e8fb8363cecbf066a84b827d"},
    {file = "numpy-1.23.5.tar.gz", hash = "sha256:1b1766d6f397c18153d40015ddfc79ddb715cabadc04d2d228d4e5a8bc4ded1a"},
]
numpyro = [
    {file = "numpyro-0.10.1-py3-none-any.whl", hash = "sha256:9833ee834c3bb1e57acd30dca6263aaf8926bf3b92f903e1a3276621fc3a184c"},
    {file = "numpyro-0.10.1.tar.gz", hash = "sha256:dfa896f01c8df43ddd41663af2b3e2fc4aea73489e669474e83329b183b29150"},
]
opt-einsum = [
    {file = "opt_einsum-3.3.0-py3-none-any.whl", hash = "sha256:2455e59e3947d3c275477df7f5205b30635e266fe6dc300e3d9f9646bfcea147"},
    {file = "opt_einsum-3.3.0.tar.gz", hash = "sha256:59f6475f77bbc37dcf7cd748519c0ec60722e91e63ca114e68821c0c54a46549"},
]
pandas = [
    {file = "pandas-1.5.2-cp310-cp310-macosx_10_9_universal2.whl", hash = "sha256:e9dbacd22555c2d47f262ef96bb4e30880e5956169741400af8b306bbb24a273"},
    {file = "pandas-1.5.2-cp310-cp310-macosx_10_9_x86_64.whl", hash = "sha256:e2b83abd292194f350bb04e188f9379d36b8dfac24dd445d5c87575f3beaf789"},
    {file = "pandas-1.5.2-cp310-cp310-macosx_11_0_arm64.whl", hash = "sha256:2552bffc808641c6eb471e55aa6899fa002ac94e4eebfa9ec058649122db5824"},
    {file = "pandas-1.5.2-cp310-cp310-manylinux_2_17_aarch64.manylinux2014_aarch64.whl", hash = "sha256:1fc87eac0541a7d24648a001d553406f4256e744d92df1df8ebe41829a915028"},
    {file = "pandas-1.5.2-cp310-cp310-manylinux_2_17_x86_64.manylinux2014_x86_64.whl", hash = "sha256:d0d8fd58df5d17ddb8c72a5075d87cd80d71b542571b5f78178fb067fa4e9c72"},
    {file = "pandas-1.5.2-cp310-cp310-win_amd64.whl", hash = "sha256:4aed257c7484d01c9a194d9a94758b37d3d751849c05a0050c087a358c41ad1f"},
    {file = "pandas-1.5.2-cp311-cp311-macosx_10_9_universal2.whl", hash = "sha256:375262829c8c700c3e7cbb336810b94367b9c4889818bbd910d0ecb4e45dc261"},
    {file = "pandas-1.5.2-cp311-cp311-macosx_10_9_x86_64.whl", hash = "sha256:cc3cd122bea268998b79adebbb8343b735a5511ec14efb70a39e7acbc11ccbdc"},
    {file = "pandas-1.5.2-cp311-cp311-macosx_11_0_arm64.whl", hash = "sha256:b4f5a82afa4f1ff482ab8ded2ae8a453a2cdfde2001567b3ca24a4c5c5ca0db3"},
    {file = "pandas-1.5.2-cp311-cp311-manylinux_2_17_aarch64.manylinux2014_aarch64.whl", hash = "sha256:8092a368d3eb7116e270525329a3e5c15ae796ccdf7ccb17839a73b4f5084a39"},
    {file = "pandas-1.5.2-cp311-cp311-manylinux_2_17_x86_64.manylinux2014_x86_64.whl", hash = "sha256:f6257b314fc14958f8122779e5a1557517b0f8e500cfb2bd53fa1f75a8ad0af2"},
    {file = "pandas-1.5.2-cp311-cp311-win_amd64.whl", hash = "sha256:82ae615826da838a8e5d4d630eb70c993ab8636f0eff13cb28aafc4291b632b5"},
    {file = "pandas-1.5.2-cp38-cp38-macosx_10_9_universal2.whl", hash = "sha256:457d8c3d42314ff47cc2d6c54f8fc0d23954b47977b2caed09cd9635cb75388b"},
    {file = "pandas-1.5.2-cp38-cp38-macosx_10_9_x86_64.whl", hash = "sha256:c009a92e81ce836212ce7aa98b219db7961a8b95999b97af566b8dc8c33e9519"},
    {file = "pandas-1.5.2-cp38-cp38-macosx_11_0_arm64.whl", hash = "sha256:71f510b0efe1629bf2f7c0eadb1ff0b9cf611e87b73cd017e6b7d6adb40e2b3a"},
    {file = "pandas-1.5.2-cp38-cp38-manylinux_2_17_aarch64.manylinux2014_aarch64.whl", hash = "sha256:a40dd1e9f22e01e66ed534d6a965eb99546b41d4d52dbdb66565608fde48203f"},
    {file = "pandas-1.5.2-cp38-cp38-manylinux_2_17_x86_64.manylinux2014_x86_64.whl", hash = "sha256:5ae7e989f12628f41e804847a8cc2943d362440132919a69429d4dea1f164da0"},
    {file = "pandas-1.5.2-cp38-cp38-win32.whl", hash = "sha256:530948945e7b6c95e6fa7aa4be2be25764af53fba93fe76d912e35d1c9ee46f5"},
    {file = "pandas-1.5.2-cp38-cp38-win_amd64.whl", hash = "sha256:73f219fdc1777cf3c45fde7f0708732ec6950dfc598afc50588d0d285fddaefc"},
    {file = "pandas-1.5.2-cp39-cp39-macosx_10_9_universal2.whl", hash = "sha256:9608000a5a45f663be6af5c70c3cbe634fa19243e720eb380c0d378666bc7702"},
    {file = "pandas-1.5.2-cp39-cp39-macosx_10_9_x86_64.whl", hash = "sha256:315e19a3e5c2ab47a67467fc0362cb36c7c60a93b6457f675d7d9615edad2ebe"},
    {file = "pandas-1.5.2-cp39-cp39-macosx_11_0_arm64.whl", hash = "sha256:e18bc3764cbb5e118be139b3b611bc3fbc5d3be42a7e827d1096f46087b395eb"},
    {file = "pandas-1.5.2-cp39-cp39-manylinux_2_17_aarch64.manylinux2014_aarch64.whl", hash = "sha256:0183cb04a057cc38fde5244909fca9826d5d57c4a5b7390c0cc3fa7acd9fa883"},
    {file = "pandas-1.5.2-cp39-cp39-manylinux_2_17_x86_64.manylinux2014_x86_64.whl", hash = "sha256:344021ed3e639e017b452aa8f5f6bf38a8806f5852e217a7594417fb9bbfa00e"},
    {file = "pandas-1.5.2-cp39-cp39-win32.whl", hash = "sha256:e7469271497960b6a781eaa930cba8af400dd59b62ec9ca2f4d31a19f2f91090"},
    {file = "pandas-1.5.2-cp39-cp39-win_amd64.whl", hash = "sha256:c218796d59d5abd8780170c937b812c9637e84c32f8271bbf9845970f8c1351f"},
    {file = "pandas-1.5.2.tar.gz", hash = "sha256:220b98d15cee0b2cd839a6358bd1f273d0356bf964c1a1aeb32d47db0215488b"},
]
pygments = [
    {file = "Pygments-2.13.0-py3-none-any.whl", hash = "sha256:f643f331ab57ba3c9d89212ee4a2dabc6e94f117cf4eefde99a0574720d14c42"},
    {file = "Pygments-2.13.0.tar.gz", hash = "sha256:56a8508ae95f98e2b9bdf93a6be5ae3f7d8af858b43e02c5a2ff083726be40c1"},
]
python-dateutil = [
    {file = "python-dateutil-2.8.2.tar.gz", hash = "sha256:0123cacc1627ae19ddf3c27a5de5bd67ee4586fbdd6440d9748f8abb483d3e86"},
    {file = "python_dateutil-2.8.2-py2.py3-none-any.whl", hash = "sha256:961d03dc3453ebbc59dbdea9e4e11c5651520a876d0f4db161e8674aae935da9"},
]
pytz = [
    {file = "pytz-2022.6-py2.py3-none-any.whl", hash = "sha256:222439474e9c98fced559f1709d89e6c9cbf8d79c794ff3eb9f8800064291427"},
    {file = "pytz-2022.6.tar.gz", hash = "sha256:e89512406b793ca39f5971bc999cc538ce125c0e51c27941bef4568b460095e2"},
]
rich = [
    {file = "rich-12.6.0-py3-none-any.whl", hash = "sha256:a4eb26484f2c82589bd9a17c73d32a010b1e29d89f1604cd9bf3a2097b81bb5e"},
    {file = "rich-12.6.0.tar.gz", hash = "sha256:ba3a3775974105c221d31141f2c116f4fd65c5ceb0698657a11e9f295ec93fd0"},
]
scipy = [
    {file = "scipy-1.9.3-cp310-cp310-macosx_10_9_x86_64.whl", hash = "sha256:1884b66a54887e21addf9c16fb588720a8309a57b2e258ae1c7986d4444d3bc0"},
    {file = "scipy-1.9.3-cp310-cp310-macosx_12_0_arm64.whl", hash = "sha256:83b89e9586c62e787f5012e8475fbb12185bafb996a03257e9675cd73d3736dd"},
    {file = "scipy-1.9.3-cp310-cp310-manylinux_2_17_aarch64.manylinux2014_aarch64.whl", hash = "sha256:1a72d885fa44247f92743fc20732ae55564ff2a519e8302fb7e18717c5355a8b"},
    {file = "scipy-1.9.3-cp310-cp310-manylinux_2_17_x86_64.manylinux2014_x86_64.whl", hash = "sha256:d01e1dd7b15bd2449c8bfc6b7cc67d630700ed655654f0dfcf121600bad205c9"},
    {file = "scipy-1.9.3-cp310-cp310-win_amd64.whl", hash = "sha256:68239b6aa6f9c593da8be1509a05cb7f9efe98b80f43a5861cd24c7557e98523"},
    {file = "scipy-1.9.3-cp311-cp311-macosx_10_9_x86_64.whl", hash = "sha256:b41bc822679ad1c9a5f023bc93f6d0543129ca0f37c1ce294dd9d386f0a21096"},
    {file = "scipy-1.9.3-cp311-cp311-macosx_12_0_arm64.whl", hash = "sha256:90453d2b93ea82a9f434e4e1cba043e779ff67b92f7a0e85d05d286a3625df3c"},
    {file = "scipy-1.9.3-cp311-cp311-manylinux_2_17_aarch64.manylinux2014_aarch64.whl", hash = "sha256:83c06e62a390a9167da60bedd4575a14c1f58ca9dfde59830fc42e5197283dab"},
    {file = "scipy-1.9.3-cp311-cp311-manylinux_2_17_x86_64.manylinux2014_x86_64.whl", hash = "sha256:abaf921531b5aeaafced90157db505e10345e45038c39e5d9b6c7922d68085cb"},
    {file = "scipy-1.9.3-cp311-cp311-win_amd64.whl", hash = "sha256:06d2e1b4c491dc7d8eacea139a1b0b295f74e1a1a0f704c375028f8320d16e31"},
    {file = "scipy-1.9.3-cp38-cp38-macosx_10_9_x86_64.whl", hash = "sha256:5a04cd7d0d3eff6ea4719371cbc44df31411862b9646db617c99718ff68d4840"},
    {file = "scipy-1.9.3-cp38-cp38-macosx_12_0_arm64.whl", hash = "sha256:545c83ffb518094d8c9d83cce216c0c32f8c04aaf28b92cc8283eda0685162d5"},
    {file = "scipy-1.9.3-cp38-cp38-manylinux_2_17_aarch64.manylinux2014_aarch64.whl", hash = "sha256:0d54222d7a3ba6022fdf5773931b5d7c56efe41ede7f7128c7b1637700409108"},
    {file = "scipy-1.9.3-cp38-cp38-manylinux_2_17_x86_64.manylinux2014_x86_64.whl", hash = "sha256:cff3a5295234037e39500d35316a4c5794739433528310e117b8a9a0c76d20fc"},
    {file = "scipy-1.9.3-cp38-cp38-win_amd64.whl", hash = "sha256:2318bef588acc7a574f5bfdff9c172d0b1bf2c8143d9582e05f878e580a3781e"},
    {file = "scipy-1.9.3-cp39-cp39-macosx_10_9_x86_64.whl", hash = "sha256:d644a64e174c16cb4b2e41dfea6af722053e83d066da7343f333a54dae9bc31c"},
    {file = "scipy-1.9.3-cp39-cp39-macosx_12_0_arm64.whl", hash = "sha256:da8245491d73ed0a994ed9c2e380fd058ce2fa8a18da204681f2fe1f57f98f95"},
    {file = "scipy-1.9.3-cp39-cp39-manylinux_2_17_aarch64.manylinux2014_aarch64.whl", hash = "sha256:4db5b30849606a95dcf519763dd3ab6fe9bd91df49eba517359e450a7d80ce2e"},
    {file = "scipy-1.9.3-cp39-cp39-manylinux_2_17_x86_64.manylinux2014_x86_64.whl", hash = "sha256:c68db6b290cbd4049012990d7fe71a2abd9ffbe82c0056ebe0f01df8be5436b0"},
    {file = "scipy-1.9.3-cp39-cp39-win_amd64.whl", hash = "sha256:5b88e6d91ad9d59478fafe92a7c757d00c59e3bdc3331be8ada76a4f8d683f58"},
    {file = "scipy-1.9.3.tar.gz", hash = "sha256:fbc5c05c85c1a02be77b1ff591087c83bc44579c6d2bd9fb798bb64ea5e1a027"},
]
six = [
    {file = "six-1.16.0-py2.py3-none-any.whl", hash = "sha256:8abb2f1d86890a2dfb989f9a77cfcfd3e47c2a354b01111771326f8aa26e0254"},
    {file = "six-1.16.0.tar.gz", hash = "sha256:1e61c37477a1626458e36f7b1d82aa5c9b094fa4802892072e49de9c60c4c926"},
]
sympy = [
    {file = "sympy-1.11.1-py3-none-any.whl", hash = "sha256:938f984ee2b1e8eae8a07b884c8b7a1146010040fccddc6539c54f401c8f6fcf"},
    {file = "sympy-1.11.1.tar.gz", hash = "sha256:e32380dce63cb7c0108ed525570092fd45168bdae2faa17e528221ef72e88658"},
]
tqdm = [
    {file = "tqdm-4.64.1-py2.py3-none-any.whl", hash = "sha256:6fee160d6ffcd1b1c68c65f14c829c22832bc401726335ce92c52d395944a6a1"},
    {file = "tqdm-4.64.1.tar.gz", hash = "sha256:5f4f682a004951c1b450bc753c710e9280c5746ce6ffedee253ddbcbf54cf1e4"},
]
typing-extensions = [
    {file = "typing_extensions-4.4.0-py3-none-any.whl", hash = "sha256:16fa4864408f655d35ec496218b85f79b3437c829e93320c7c9215ccfd92489e"},
    {file = "typing_extensions-4.4.0.tar.gz", hash = "sha256:1511434bb92bf8dd198c12b1cc812e800d4181cfcb867674e0f8279cc93087aa"},
]
